
Microsoft Visual Studio Solution File, Format Version 12.00
# Visual Studio Version 16
VisualStudioVersion = 16.0.30907.101
MinimumVisualStudioVersion = 10.0.40219.1
Project("{9A19103F-16F7-4668-BE54-9A1E7A4F7556}") = "Erp_TEST", "Erp_TEST\Erp_TEST.csproj", "{8FCFA1F6-81E7-4F41-B011-A6E83808264D}"
EndProject
Project("{9A19103F-16F7-4668-BE54-9A1E7A4F7556}") = "Api", "Api\Api.csproj", "{41EFAEC9-DAC2-4231-8962-E91007E2EB24}"
EndProject
Project("{9A19103F-16F7-4668-BE54-9A1E7A4F7556}") = "ViewModelService", "Model\ViewModelService.csproj", "{919AEF02-DEA2-49F1-B17A-F77E18ABFCD5}"
EndProject
Project("{2150E333-8FDC-42A3-9474-1A3956D46DE8}") = "Readme", "Readme", "{A681365C-7FF5-4AD7-8918-CCB0EAA9B740}"
	ProjectSection(SolutionItems) = preProject
		..\Readme.docx = ..\Readme.docx
	EndProjectSection
EndProject
Global
	GlobalSection(SolutionConfigurationPlatforms) = preSolution
		Debug|Any CPU = Debug|Any CPU
		Release|Any CPU = Release|Any CPU
	EndGlobalSection
	GlobalSection(ProjectConfigurationPlatforms) = postSolution
		{8FCFA1F6-81E7-4F41-B011-A6E83808264D}.Debug|Any CPU.ActiveCfg = Debug|Any CPU
		{8FCFA1F6-81E7-4F41-B011-A6E83808264D}.Debug|Any CPU.Build.0 = Debug|Any CPU
		{8FCFA1F6-81E7-4F41-B011-A6E83808264D}.Release|Any CPU.ActiveCfg = Release|Any CPU
		{8FCFA1F6-81E7-4F41-B011-A6E83808264D}.Release|Any CPU.Build.0 = Release|Any CPU
		{41EFAEC9-DAC2-4231-8962-E91007E2EB24}.Debug|Any CPU.ActiveCfg = Debug|Any CPU
		{41EFAEC9-DAC2-4231-8962-E91007E2EB24}.Debug|Any CPU.Build.0 = Debug|Any CPU
		{41EFAEC9-DAC2-4231-8962-E91007E2EB24}.Release|Any CPU.ActiveCfg = Release|Any CPU
		{41EFAEC9-DAC2-4231-8962-E91007E2EB24}.Release|Any CPU.Build.0 = Release|Any CPU
		{919AEF02-DEA2-49F1-B17A-F77E18ABFCD5}.Debug|Any CPU.ActiveCfg = Debug|Any CPU
		{919AEF02-DEA2-49F1-B17A-F77E18ABFCD5}.Debug|Any CPU.Build.0 = Debug|Any CPU
		{919AEF02-DEA2-49F1-B17A-F77E18ABFCD5}.Release|Any CPU.ActiveCfg = Release|Any CPU
		{919AEF02-DEA2-49F1-B17A-F77E18ABFCD5}.Release|Any CPU.Build.0 = Release|Any CPU
	EndGlobalSection
	GlobalSection(SolutionProperties) = preSolution
		HideSolutionNode = FALSE
	EndGlobalSection
	GlobalSection(ExtensibilityGlobals) = postSolution
		SolutionGuid = {4C9B57CC-D998-4AD2-955B-2EF72D717770}
	EndGlobalSection
EndGlobal
